// !$*UTF8*$!
{
	archiveVersion = 1;
	classes = {
	};
	objectVersion = 48;
	objects = {

/* Begin PBXBuildFile section */
		33E1602620548D2000622335 /* AppDelegate.swift in Sources */ = {isa = PBXBuildFile; fileRef = 33E1602520548D2000622335 /* AppDelegate.swift */; };
		33E1602820548D2000622335 /* ViewController.swift in Sources */ = {isa = PBXBuildFile; fileRef = 33E1602720548D2000622335 /* ViewController.swift */; };
		33E1602B20548D2000622335 /* Main.storyboard in Resources */ = {isa = PBXBuildFile; fileRef = 33E1602920548D2000622335 /* Main.storyboard */; };
		33E1602D20548D2000622335 /* Assets.xcassets in Resources */ = {isa = PBXBuildFile; fileRef = 33E1602C20548D2000622335 /* Assets.xcassets */; };
		33E1603020548D2000622335 /* LaunchScreen.storyboard in Resources */ = {isa = PBXBuildFile; fileRef = 33E1602E20548D2000622335 /* LaunchScreen.storyboard */; };
		33E1603C2054934F00622335 /* User.swift in Sources */ = {isa = PBXBuildFile; fileRef = 33E1603B2054934F00622335 /* User.swift */; };
		33E160402054AB6200622335 /* GoogleService-Info.plist in Resources */ = {isa = PBXBuildFile; fileRef = 33E1603F2054AB6200622335 /* GoogleService-Info.plist */; };
		796345783E6A6372BBE41326 /* Pods_Firebase_Firestore_Example.framework in Frameworks */ = {isa = PBXBuildFile; fileRef = 89B681D96DF27322FA258E40 /* Pods_Firebase_Firestore_Example.framework */; };
/* End PBXBuildFile section */

/* Begin PBXFileReference section */
		1C5DC0A212BBE4BBAB25ADDB /* Pods-Firebase Firestore Example.debug.xcconfig */ = {isa = PBXFileReference; includeInIndex = 1; lastKnownFileType = text.xcconfig; name = "Pods-Firebase Firestore Example.debug.xcconfig"; path = "Pods/Target Support Files/Pods-Firebase Firestore Example/Pods-Firebase Firestore Example.debug.xcconfig"; sourceTree = "<group>"; };
		33E1602220548D2000622335 /* Firebase Firestore Example.app */ = {isa = PBXFileReference; explicitFileType = wrapper.application; includeInIndex = 0; path = "Firebase Firestore Example.app"; sourceTree = BUILT_PRODUCTS_DIR; };
		33E1602520548D2000622335 /* AppDelegate.swift */ = {isa = PBXFileReference; lastKnownFileType = sourcecode.swift; path = AppDelegate.swift; sourceTree = "<group>"; };
		33E1602720548D2000622335 /* ViewController.swift */ = {isa = PBXFileReference; lastKnownFileType = sourcecode.swift; path = ViewController.swift; sourceTree = "<group>"; };
		33E1602A20548D2000622335 /* Base */ = {isa = PBXFileReference; lastKnownFileType = file.storyboard; name = Base; path = Base.lproj/Main.storyboard; sourceTree = "<group>"; };
		33E1602C20548D2000622335 /* Assets.xcassets */ = {isa = PBXFileReference; lastKnownFileType = folder.assetcatalog; path = Assets.xcassets; sourceTree = "<group>"; };
		33E1602F20548D2000622335 /* Base */ = {isa = PBXFileReference; lastKnownFileType = file.storyboard; name = Base; path = Base.lproj/LaunchScreen.storyboard; sourceTree = "<group>"; };
		33E1603120548D2000622335 /* Info.plist */ = {isa = PBXFileReference; lastKnownFileType = text.plist.xml; path = Info.plist; sourceTree = "<group>"; };
		33E1603B2054934F00622335 /* User.swift */ = {isa = PBXFileReference; fileEncoding = 4; lastKnownFileType = sourcecode.swift; path = User.swift; sourceTree = "<group>"; };
		33E1603F2054AB6200622335 /* GoogleService-Info.plist */ = {isa = PBXFileReference; fileEncoding = 4; lastKnownFileType = text.plist.xml; path = "GoogleService-Info.plist"; sourceTree = "<group>"; };
		5F36619B2467E780A671824A /* Pods-Firebase Firestore Example.release.xcconfig */ = {isa = PBXFileReference; includeInIndex = 1; lastKnownFileType = text.xcconfig; name = "Pods-Firebase Firestore Example.release.xcconfig"; path = "Pods/Target Support Files/Pods-Firebase Firestore Example/Pods-Firebase Firestore Example.release.xcconfig"; sourceTree = "<group>"; };
		89B681D96DF27322FA258E40 /* Pods_Firebase_Firestore_Example.framework */ = {isa = PBXFileReference; explicitFileType = wrapper.framework; includeInIndex = 0; path = Pods_Firebase_Firestore_Example.framework; sourceTree = BUILT_PRODUCTS_DIR; };
/* End PBXFileReference section */

/* Begin PBXFrameworksBuildPhase section */
		33E1601F20548D2000622335 /* Frameworks */ = {
			isa = PBXFrameworksBuildPhase;
			buildActionMask = 2147483647;
			files = (
				796345783E6A6372BBE41326 /* Pods_Firebase_Firestore_Example.framework in Frameworks */,
			);
			runOnlyForDeploymentPostprocessing = 0;
		};
/* End PBXFrameworksBuildPhase section */

/* Begin PBXGroup section */
		33E1601920548D2000622335 = {
			isa = PBXGroup;
			children = (
				33E1602420548D2000622335 /* Firebase Firestore Example */,
				33E1602320548D2000622335 /* Products */,
				99C8D52DAFA09FF7525C0996 /* Pods */,
				FCED0947B376D868C92EA213 /* Frameworks */,
			);
			sourceTree = "<group>";
		};
		33E1602320548D2000622335 /* Products */ = {
			isa = PBXGroup;
			children = (
				33E1602220548D2000622335 /* Firebase Firestore Example.app */,
			);
			name = Products;
			sourceTree = "<group>";
		};
		33E1602420548D2000622335 /* Firebase Firestore Example */ = {
			isa = PBXGroup;
			children = (
				33E1603F2054AB6200622335 /* GoogleService-Info.plist */,
				33E1603B2054934F00622335 /* User.swift */,
				33E1602520548D2000622335 /* AppDelegate.swift */,
				33E1602720548D2000622335 /* ViewController.swift */,
				33E1602920548D2000622335 /* Main.storyboard */,
				33E1602C20548D2000622335 /* Assets.xcassets */,
				33E1602E20548D2000622335 /* LaunchScreen.storyboard */,
				33E1603120548D2000622335 /* Info.plist */,
			);
			path = "Firebase Firestore Example";
			sourceTree = "<group>";
		};
		99C8D52DAFA09FF7525C0996 /* Pods */ = {
			isa = PBXGroup;
			children = (
				1C5DC0A212BBE4BBAB25ADDB /* Pods-Firebase Firestore Example.debug.xcconfig */,
				5F36619B2467E780A671824A /* Pods-Firebase Firestore Example.release.xcconfig */,
			);
			name = Pods;
			sourceTree = "<group>";
		};
		FCED0947B376D868C92EA213 /* Frameworks */ = {
			isa = PBXGroup;
			children = (
				89B681D96DF27322FA258E40 /* Pods_Firebase_Firestore_Example.framework */,
			);
			name = Frameworks;
			sourceTree = "<group>";
		};
/* End PBXGroup section */

/* Begin PBXNativeTarget section */
		33E1602120548D2000622335 /* Firebase Firestore Example */ = {
			isa = PBXNativeTarget;
			buildConfigurationList = 33E1603420548D2000622335 /* Build configuration list for PBXNativeTarget "Firebase Firestore Example" */;
			buildPhases = (
				16DDDC7882C69CCF98691DBD /* [CP] Check Pods Manifest.lock */,
				33E1601E20548D2000622335 /* Sources */,
				33E1601F20548D2000622335 /* Frameworks */,
				33E1602020548D2000622335 /* Resources */,
				306D615BD624203378B720C7 /* [CP] Embed Pods Frameworks */,
				B620B5F665F786C93E9EAB1E /* [CP] Copy Pods Resources */,
			);
			buildRules = (
			);
			dependencies = (
			);
			name = "Firebase Firestore Example";
			productName = "Firebase Firestore Example";
			productReference = 33E1602220548D2000622335 /* Firebase Firestore Example.app */;
			productType = "com.apple.product-type.application";
		};
/* End PBXNativeTarget section */

/* Begin PBXProject section */
		33E1601A20548D2000622335 /* Project object */ = {
			isa = PBXProject;
			attributes = {
				LastSwiftUpdateCheck = 0920;
				LastUpgradeCheck = 0920;
				ORGANIZATIONNAME = "Owen Thomas";
				TargetAttributes = {
					33E1602120548D2000622335 = {
						CreatedOnToolsVersion = 9.2;
						ProvisioningStyle = Automatic;
					};
				};
			};
			buildConfigurationList = 33E1601D20548D2000622335 /* Build configuration list for PBXProject "Firebase Firestore Example" */;
			compatibilityVersion = "Xcode 8.0";
			developmentRegion = en;
			hasScannedForEncodings = 0;
			knownRegions = (
				en,
				Base,
			);
			mainGroup = 33E1601920548D2000622335;
			productRefGroup = 33E1602320548D2000622335 /* Products */;
			projectDirPath = "";
			projectRoot = "";
			targets = (
				33E1602120548D2000622335 /* Firebase Firestore Example */,
			);
		};
/* End PBXProject section */

/* Begin PBXResourcesBuildPhase section */
		33E1602020548D2000622335 /* Resources */ = {
			isa = PBXResourcesBuildPhase;
			buildActionMask = 2147483647;
			files = (
				33E1603020548D2000622335 /* LaunchScreen.storyboard in Resources */,
				33E160402054AB6200622335 /* GoogleService-Info.plist in Resources */,
				33E1602D20548D2000622335 /* Assets.xcassets in Resources */,
				33E1602B20548D2000622335 /* Main.storyboard in Resources */,
			);
			runOnlyForDeploymentPostprocessing = 0;
		};
/* End PBXResourcesBuildPhase section */

/* Begin PBXShellScriptBuildPhase section */
		16DDDC7882C69CCF98691DBD /* [CP] Check Pods Manifest.lock */ = {
			isa = PBXShellScriptBuildPhase;
			buildActionMask = 2147483647;
			files = (
			);
			inputPaths = (
				"${PODS_PODFILE_DIR_PATH}/Podfile.lock",
				"${PODS_ROOT}/Manifest.lock",
			);
			name = "[CP] Check Pods Manifest.lock";
			outputPaths = (
				"$(DERIVED_FILE_DIR)/Pods-Firebase Firestore Example-checkManifestLockResult.txt",
			);
			runOnlyForDeploymentPostprocessing = 0;
			shellPath = /bin/sh;
			shellScript = "diff \"${PODS_PODFILE_DIR_PATH}/Podfile.lock\" \"${PODS_ROOT}/Manifest.lock\" > /dev/null\nif [ $? != 0 ] ; then\n    # print error to STDERR\n    echo \"error: The sandbox is not in sync with the Podfile.lock. Run 'pod install' or update your CocoaPods installation.\" >&2\n    exit 1\nfi\n# This output is used by Xcode 'outputs' to avoid re-running this script phase.\necho \"SUCCESS\" > \"${SCRIPT_OUTPUT_FILE_0}\"\n";
			showEnvVarsInLog = 0;
		};
		306D615BD624203378B720C7 /* [CP] Embed Pods Frameworks */ = {
			isa = PBXShellScriptBuildPhase;
			buildActionMask = 2147483647;
			files = (
			);
			inputPaths = (
				"${SRCROOT}/Pods/Target Support Files/Pods-Firebase Firestore Example/Pods-Firebase Firestore Example-frameworks.sh",
				"${BUILT_PRODUCTS_DIR}/BoringSSL/openssl.framework",
				"${BUILT_PRODUCTS_DIR}/GoogleToolboxForMac/GoogleToolboxForMac.framework",
				"${BUILT_PRODUCTS_DIR}/Protobuf/Protobuf.framework",
				"${BUILT_PRODUCTS_DIR}/gRPC/GRPCClient.framework",
				"${BUILT_PRODUCTS_DIR}/gRPC-Core/grpc.framework",
				"${BUILT_PRODUCTS_DIR}/gRPC-ProtoRPC/ProtoRPC.framework",
				"${BUILT_PRODUCTS_DIR}/gRPC-RxLibrary/RxLibrary.framework",
				"${BUILT_PRODUCTS_DIR}/leveldb-library/leveldb.framework",
				"${BUILT_PRODUCTS_DIR}/nanopb/nanopb.framework",
			);
			name = "[CP] Embed Pods Frameworks";
			outputPaths = (
				"${TARGET_BUILD_DIR}/${FRAMEWORKS_FOLDER_PATH}/openssl.framework",
				"${TARGET_BUILD_DIR}/${FRAMEWORKS_FOLDER_PATH}/GoogleToolboxForMac.framework",
				"${TARGET_BUILD_DIR}/${FRAMEWORKS_FOLDER_PATH}/Protobuf.framework",
				"${TARGET_BUILD_DIR}/${FRAMEWORKS_FOLDER_PATH}/GRPCClient.framework",
				"${TARGET_BUILD_DIR}/${FRAMEWORKS_FOLDER_PATH}/grpc.framework",
				"${TARGET_BUILD_DIR}/${FRAMEWORKS_FOLDER_PATH}/ProtoRPC.framework",
				"${TARGET_BUILD_DIR}/${FRAMEWORKS_FOLDER_PATH}/RxLibrary.framework",
				"${TARGET_BUILD_DIR}/${FRAMEWORKS_FOLDER_PATH}/leveldb.framework",
				"${TARGET_BUILD_DIR}/${FRAMEWORKS_FOLDER_PATH}/nanopb.framework",
			);
			runOnlyForDeploymentPostprocessing = 0;
			shellPath = /bin/sh;
			shellScript = "\"${SRCROOT}/Pods/Target Support Files/Pods-Firebase Firestore Example/Pods-Firebase Firestore Example-frameworks.sh\"\n";
			showEnvVarsInLog = 0;
		};
		B620B5F665F786C93E9EAB1E /* [CP] Copy Pods Resources */ = {
			isa = PBXShellScriptBuildPhase;
			buildActionMask = 2147483647;
			files = (
			);
			inputPaths = (
			);
			name = "[CP] Copy Pods Resources";
			outputPaths = (
			);
			runOnlyForDeploymentPostprocessing = 0;
			shellPath = /bin/sh;
			shellScript = "\"${SRCROOT}/Pods/Target Support Files/Pods-Firebase Firestore Example/Pods-Firebase Firestore Example-resources.sh\"\n";
			showEnvVarsInLog = 0;
		};
/* End PBXShellScriptBuildPhase section */

/* Begin PBXSourcesBuildPhase section */
		33E1601E20548D2000622335 /* Sources */ = {
			isa = PBXSourcesBuildPhase;
			buildActionMask = 2147483647;
			files = (
				33E1602820548D2000622335 /* ViewController.swift in Sources */,
				33E1602620548D2000622335 /* AppDelegate.swift in Sources */,
				33E1603C2054934F00622335 /* User.swift in Sources */,
			);
			runOnlyForDeploymentPostprocessing = 0;
		};
/* End PBXSourcesBuildPhase section */

/* Begin PBXVariantGroup section */
		33E1602920548D2000622335 /* Main.storyboard */ = {
			isa = PBXVariantGroup;
			children = (
				33E1602A20548D2000622335 /* Base */,
			);
			name = Main.storyboard;
			sourceTree = "<group>";
		};
		33E1602E20548D2000622335 /* LaunchScreen.storyboard */ = {
			isa = PBXVariantGroup;
			children = (
				33E1602F20548D2000622335 /* Base */,
			);
			name = LaunchScreen.storyboard;
			sourceTree = "<group>";
		};
/* End PBXVariantGroup section */

/* Begin XCBuildConfiguration section */
		33E1603220548D2000622335 /* Debug */ = {
			isa = XCBuildConfiguration;
			buildSettings = {
				ALWAYS_SEARCH_USER_PATHS = NO;
				CLANG_ANALYZER_NONNULL = YES;
				CLANG_ANALYZER_NUMBER_OBJECT_CONVERSION = YES_AGGRESSIVE;
				CLANG_CXX_LANGUAGE_STANDARD = "gnu++14";
				CLANG_CXX_LIBRARY = "libc++";
				CLANG_ENABLE_MODULES = YES;
				CLANG_ENABLE_OBJC_ARC = YES;
				CLANG_WARN_BLOCK_CAPTURE_AUTORELEASING = YES;
				CLANG_WARN_BOOL_CONVERSION = YES;
				CLANG_WARN_COMMA = YES;
				CLANG_WARN_CONSTANT_CONVERSION = YES;
				CLANG_WARN_DIRECT_OBJC_ISA_USAGE = YES_ERROR;
				CLANG_WARN_DOCUMENTATION_COMMENTS = YES;
				CLANG_WARN_EMPTY_BODY = YES;
				CLANG_WARN_ENUM_CONVERSION = YES;
				CLANG_WARN_INFINITE_RECURSION = YES;
				CLANG_WARN_INT_CONVERSION = YES;
				CLANG_WARN_NON_LITERAL_NULL_CONVERSION = YES;
				CLANG_WARN_OBJC_LITERAL_CONVERSION = YES;
				CLANG_WARN_OBJC_ROOT_CLASS = YES_ERROR;
				CLANG_WARN_RANGE_LOOP_ANALYSIS = YES;
				CLANG_WARN_STRICT_PROTOTYPES = YES;
				CLANG_WARN_SUSPICIOUS_MOVE = YES;
				CLANG_WARN_UNGUARDED_AVAILABILITY = YES_AGGRESSIVE;
				CLANG_WARN_UNREACHABLE_CODE = YES;
				CLANG_WARN__DUPLICATE_METHOD_MATCH = YES;
				CODE_SIGN_IDENTITY = "iPhone Developer";
				COPY_PHASE_STRIP = NO;
				DEBUG_INFORMATION_FORMAT = dwarf;
				ENABLE_STRICT_OBJC_MSGSEND = YES;
				ENABLE_TESTABILITY = YES;
				GCC_C_LANGUAGE_STANDARD = gnu11;
				GCC_DYNAMIC_NO_PIC = NO;
				GCC_NO_COMMON_BLOCKS = YES;
				GCC_OPTIMIZATION_LEVEL = 0;
				GCC_PREPROCESSOR_DEFINITIONS = (
					"DEBUG=1",
					"$(inherited)",
				);
				GCC_WARN_64_TO_32_BIT_CONVERSION = YES;
				GCC_WARN_ABOUT_RETURN_TYPE = YES_ERROR;
				GCC_WARN_UNDECLARED_SELECTOR = YES;
				GCC_WARN_UNINITIALIZED_AUTOS = YES_AGGRESSIVE;
				GCC_WARN_UNUSED_FUNCTION = YES;
				GCC_WARN_UNUSED_VARIABLE = YES;
				IPHONEOS_DEPLOYMENT_TARGET = 11.2;
				MTL_ENABLE_DEBUG_INFO = YES;
				ONLY_ACTIVE_ARCH = YES;
				SDKROOT = iphoneos;
				SWIFT_ACTIVE_COMPILATION_CONDITIONS = DEBUG;
				SWIFT_OPTIMIZATION_LEVEL = "-Onone";
			};
			name = Debug;
		};
		33E1603320548D2000622335 /* Release */ = {
			isa = XCBuildConfiguration;
			buildSettings = {
				ALWAYS_SEARCH_USER_PATHS = NO;
				CLANG_ANALYZER_NONNULL = YES;
				CLANG_ANALYZER_NUMBER_OBJECT_CONVERSION = YES_AGGRESSIVE;
				CLANG_CXX_LANGUAGE_STANDARD = "gnu++14";
				CLANG_CXX_LIBRARY = "libc++";
				CLANG_ENABLE_MODULES = YES;
				CLANG_ENABLE_OBJC_ARC = YES;
				CLANG_WARN_BLOCK_CAPTURE_AUTORELEASING = YES;
				CLANG_WARN_BOOL_CONVERSION = YES;
				CLANG_WARN_COMMA = YES;
				CLANG_WARN_CONSTANT_CONVERSION = YES;
				CLANG_WARN_DIRECT_OBJC_ISA_USAGE = YES_ERROR;
				CLANG_WARN_DOCUMENTATION_COMMENTS = YES;
				CLANG_WARN_EMPTY_BODY = YES;
				CLANG_WARN_ENUM_CONVERSION = YES;
				CLANG_WARN_INFINITE_RECURSION = YES;
				CLANG_WARN_INT_CONVERSION = YES;
				CLANG_WARN_NON_LITERAL_NULL_CONVERSION = YES;
				CLANG_WARN_OBJC_LITERAL_CONVERSION = YES;
				CLANG_WARN_OBJC_ROOT_CLASS = YES_ERROR;
				CLANG_WARN_RANGE_LOOP_ANALYSIS = YES;
				CLANG_WARN_STRICT_PROTOTYPES = YES;
				CLANG_WARN_SUSPICIOUS_MOVE = YES;
				CLANG_WARN_UNGUARDED_AVAILABILITY = YES_AGGRESSIVE;
				CLANG_WARN_UNREACHABLE_CODE = YES;
				CLANG_WARN__DUPLICATE_METHOD_MATCH = YES;
				CODE_SIGN_IDENTITY = "iPhone Developer";
				COPY_PHASE_STRIP = NO;
				DEBUG_INFORMATION_FORMAT = "dwarf-with-dsym";
				ENABLE_NS_ASSERTIONS = NO;
				ENABLE_STRICT_OBJC_MSGSEND = YES;
				GCC_C_LANGUAGE_STANDARD = gnu11;
				GCC_NO_COMMON_BLOCKS = YES;
				GCC_WARN_64_TO_32_BIT_CONVERSION = YES;
				GCC_WARN_ABOUT_RETURN_TYPE = YES_ERROR;
				GCC_WARN_UNDECLARED_SELECTOR = YES;
				GCC_WARN_UNINITIALIZED_AUTOS = YES_AGGRESSIVE;
				GCC_WARN_UNUSED_FUNCTION = YES;
				GCC_WARN_UNUSED_VARIABLE = YES;
				IPHONEOS_DEPLOYMENT_TARGET = 11.2;
				MTL_ENABLE_DEBUG_INFO = NO;
				SDKROOT = iphoneos;
				SWIFT_OPTIMIZATION_LEVEL = "-Owholemodule";
				VALIDATE_PRODUCT = YES;
			};
			name = Release;
		};
		33E1603520548D2000622335 /* Debug */ = {
			isa = XCBuildConfiguration;
			baseConfigurationReference = 1C5DC0A212BBE4BBAB25ADDB /* Pods-Firebase Firestore Example.debug.xcconfig */;
			buildSettings = {
				ASSETCATALOG_COMPILER_APPICON_NAME = AppIcon;
				CODE_SIGN_STYLE = Automatic;
				DEVELOPMENT_TEAM = LQZNX2BQDV;
				INFOPLIST_FILE = "Firebase Firestore Example/Info.plist";
				LD_RUNPATH_SEARCH_PATHS = "$(inherited) @executable_path/Frameworks";
				PRODUCT_BUNDLE_IDENTIFIER = "com.example.Firebase-Firestore-Example";
				PRODUCT_NAME = "$(TARGET_NAME)";
				SWIFT_VERSION = 4.0;
				TARGETED_DEVICE_FAMILY = "1,2";
			};
			name = Debug;
		};
		33E1603620548D2000622335 /* Release */ = {
			isa = XCBuildConfiguration;
			baseConfigurationReference = 5F36619B2467E780A671824A /* Pods-Firebase Firestore Example.release.xcconfig */;
			buildSettings = {
				ASSETCATALOG_COMPILER_APPICON_NAME = AppIcon;
				CODE_SIGN_STYLE = Automatic;
				DEVELOPMENT_TEAM = LQZNX2BQDV;
				INFOPLIST_FILE = "Firebase Firestore Example/Info.plist";
				LD_RUNPATH_SEARCH_PATHS = "$(inherited) @executable_path/Frameworks";
				PRODUCT_BUNDLE_IDENTIFIER = "com.example.Firebase-Firestore-Example";
				PRODUCT_NAME = "$(TARGET_NAME)";
				SWIFT_VERSION = 4.0;
				TARGETED_DEVICE_FAMILY = "1,2";
			};
			name = Release;
		};
/* End XCBuildConfiguration section */

/* Begin XCConfigurationList section */
		33E1601D20548D2000622335 /* Build configuration list for PBXProject "Firebase Firestore Example" */ = {
			isa = XCConfigurationList;
			buildConfigurations = (
				33E1603220548D2000622335 /* Debug */,
				33E1603320548D2000622335 /* Release */,
			);
			defaultConfigurationIsVisible = 0;
			defaultConfigurationName = Release;
		};
		33E1603420548D2000622335 /* Build configuration list for PBXNativeTarget "Firebase Firestore Example" */ = {
			isa = XCConfigurationList;
			buildConfigurations = (
				33E1603520548D2000622335 /* Debug */,
				33E1603620548D2000622335 /* Release */,
			);
			defaultConfigurationIsVisible = 0;
			defaultConfigurationName = Release;
		};
/* End XCConfigurationList section */
	};
	rootObject = 33E1601A20548D2000622335 /* Project object */;
}
